
Microsoft Visual Studio Solution File, Format Version 12.00
# Visual Studio Version 17
VisualStudioVersion = 17.1.32210.238
MinimumVisualStudioVersion = 10.0.40219.1
Project("{9A19103F-16F7-4668-BE54-9A1E7A4F7556}") = "vnc-screen-share", "VncScreenShare\VncScreenShare.csproj", "{51D5217C-EF17-488C-8065-DAFB64031CCB}"
EndProject
Project("{9A19103F-16F7-4668-BE54-9A1E7A4F7556}") = "_build", "..\build\_build.csproj", "{9BDE0E99-8705-4493-8986-377965D4D62C}"
EndProject
Global
	GlobalSection(SolutionConfigurationPlatforms) = preSolution
		Debug|Any CPU = Debug|Any CPU
		Release|Any CPU = Release|Any CPU
	EndGlobalSection
	GlobalSection(ProjectConfigurationPlatforms) = postSolution
		{9BDE0E99-8705-4493-8986-377965D4D62C}.Debug|Any CPU.ActiveCfg = Debug|Any CPU
		{9BDE0E99-8705-4493-8986-377965D4D62C}.Release|Any CPU.ActiveCfg = Release|Any CPU
		{51D5217C-EF17-488C-8065-DAFB64031CCB}.Debug|Any CPU.ActiveCfg = Debug|Any CPU
		{51D5217C-EF17-488C-8065-DAFB64031CCB}.Debug|Any CPU.Build.0 = Debug|Any CPU
		{51D5217C-EF17-488C-8065-DAFB64031CCB}.Release|Any CPU.ActiveCfg = Release|Any CPU
		{51D5217C-EF17-488C-8065-DAFB64031CCB}.Release|Any CPU.Build.0 = Release|Any CPU
	EndGlobalSection
	GlobalSection(SolutionProperties) = preSolution
		HideSolutionNode = FALSE
	EndGlobalSection
	GlobalSection(ExtensibilityGlobals) = postSolution
		SolutionGuid = {5D2904F0-7153-4031-A02C-C996AAB92518}
	EndGlobalSection
EndGlobal
